
Microsoft Visual Studio Solution File, Format Version 12.00
# Visual Studio Version 16
VisualStudioVersion = 16.0.30621.155
MinimumVisualStudioVersion = 10.0.40219.1
Project("{8BC9CEB8-8B4A-11D0-8D11-00A0C91BC942}") = "Seis grado de separacion", "Seis grado de separacion\Seis grado de separacion.vcxproj", "{624B5BA9-B896-419D-BFBE-BDBC14782D11}"
EndProject
Global
	GlobalSection(SolutionConfigurationPlatforms) = preSolution
		Debug|x64 = Debug|x64
		Debug|x86 = Debug|x86
		Release|x64 = Release|x64
		Release|x86 = Release|x86
	EndGlobalSection
	GlobalSection(ProjectConfigurationPlatforms) = postSolution
		{624B5BA9-B896-419D-BFBE-BDBC14782D11}.Debug|x64.ActiveCfg = Debug|x64
		{624B5BA9-B896-419D-BFBE-BDBC14782D11}.Debug|x64.Build.0 = Debug|x64
		{624B5BA9-B896-419D-BFBE-BDBC14782D11}.Debug|x86.ActiveCfg = Debug|Win32
		{624B5BA9-B896-419D-BFBE-BDBC14782D11}.Debug|x86.Build.0 = Debug|Win32
		{624B5BA9-B896-419D-BFBE-BDBC14782D11}.Release|x64.ActiveCfg = Release|x64
		{624B5BA9-B896-419D-BFBE-BDBC14782D11}.Release|x64.Build.0 = Release|x64
		{624B5BA9-B896-419D-BFBE-BDBC14782D11}.Release|x86.ActiveCfg = Release|Win32
		{624B5BA9-B896-419D-BFBE-BDBC14782D11}.Release|x86.Build.0 = Release|Win32
	EndGlobalSection
	GlobalSection(SolutionProperties) = preSolution
		HideSolutionNode = FALSE
	EndGlobalSection
	GlobalSection(ExtensibilityGlobals) = postSolution
		SolutionGuid = {9A505DE4-60F7-430C-82B0-0E70FFD14FFB}
	EndGlobalSection
EndGlobal
